{
    "name": "multisite-role-popagination",
    "version": "2.0.0",
    "lockfileVersion": 3,
    "requires": true,
    "packages": {
        "": {
            "name": "multisite-role-popagination",
            "version": "2.0.0",
            "devDependencies": [],
            "license": "MIT"
        }
    }
}
